
Microsoft Visual Studio Solution File, Format Version 12.00
# Visual Studio Version 16
VisualStudioVersion = 16.0.31129.286
MinimumVisualStudioVersion = 10.0.40219.1
Project("{FAE04EC0-301F-11D3-BF4B-00C04F79EFBC}") = "StudentsDB", "StudentsDB\StudentsDB.csproj", "{11958CDB-656B-4A6A-A6F6-650280AF2078}"
EndProject
Global
	GlobalSection(SolutionConfigurationPlatforms) = preSolution
		Debug|Any CPU = Debug|Any CPU
		Release|Any CPU = Release|Any CPU
	EndGlobalSection
	GlobalSection(ProjectConfigurationPlatforms) = postSolution
		{11958CDB-656B-4A6A-A6F6-650280AF2078}.Debug|Any CPU.ActiveCfg = Debug|Any CPU
		{11958CDB-656B-4A6A-A6F6-650280AF2078}.Debug|Any CPU.Build.0 = Debug|Any CPU
		{11958CDB-656B-4A6A-A6F6-650280AF2078}.Release|Any CPU.ActiveCfg = Release|Any CPU
		{11958CDB-656B-4A6A-A6F6-650280AF2078}.Release|Any CPU.Build.0 = Release|Any CPU
	EndGlobalSection
	GlobalSection(SolutionProperties) = preSolution
		HideSolutionNode = FALSE
	EndGlobalSection
	GlobalSection(ExtensibilityGlobals) = postSolution
		SolutionGuid = {6C067E3C-766A-432F-9128-4B4E0B0E4A97}
	EndGlobalSection
EndGlobal
